
Microsoft Visual Studio Solution File, Format Version 12.00
# Visual Studio Version 16
VisualStudioVersion = 16.0.32002.261
MinimumVisualStudioVersion = 10.0.40219.1
Project("{8BC9CEB8-8B4A-11D0-8D11-00A0C91BC942}") = "ConsoleApplication1", "ConsoleApplication1\ConsoleApplication1.vcxproj", "{9A5E7F61-6AD7-4F41-968F-514CB7E8F79C}"
EndProject
Global
	GlobalSection(SolutionConfigurationPlatforms) = preSolution
		Debug|x64 = Debug|x64
		Debug|x86 = Debug|x86
		Release|x64 = Release|x64
		Release|x86 = Release|x86
	EndGlobalSection
	GlobalSection(ProjectConfigurationPlatforms) = postSolution
		{9A5E7F61-6AD7-4F41-968F-514CB7E8F79C}.Debug|x64.ActiveCfg = Debug|x64
		{9A5E7F61-6AD7-4F41-968F-514CB7E8F79C}.Debug|x64.Build.0 = Debug|x64
		{9A5E7F61-6AD7-4F41-968F-514CB7E8F79C}.Debug|x86.ActiveCfg = Debug|Win32
		{9A5E7F61-6AD7-4F41-968F-514CB7E8F79C}.Debug|x86.Build.0 = Debug|Win32
		{9A5E7F61-6AD7-4F41-968F-514CB7E8F79C}.Release|x64.ActiveCfg = Release|x64
		{9A5E7F61-6AD7-4F41-968F-514CB7E8F79C}.Release|x64.Build.0 = Release|x64
		{9A5E7F61-6AD7-4F41-968F-514CB7E8F79C}.Release|x86.ActiveCfg = Release|Win32
		{9A5E7F61-6AD7-4F41-968F-514CB7E8F79C}.Release|x86.Build.0 = Release|Win32
	EndGlobalSection
	GlobalSection(SolutionProperties) = preSolution
		HideSolutionNode = FALSE
	EndGlobalSection
	GlobalSection(ExtensibilityGlobals) = postSolution
		SolutionGuid = {CC64147E-7C2E-4244-9541-64368EEDAF2C}
	EndGlobalSection
EndGlobal
